
Microsoft Visual Studio Solution File, Format Version 12.00
# Visual Studio Version 16
VisualStudioVersion = 16.0.29209.62
MinimumVisualStudioVersion = 10.0.40219.1
Project("{FAE04EC0-301F-11D3-BF4B-00C04F79EFBC}") = "TravelMe-webapp", "TravelMe-webapp.csproj", "{10AAC68B-7A9C-4E93-AA0C-5589BB16CE25}"
EndProject
Global
	GlobalSection(SolutionConfigurationPlatforms) = preSolution
		Debug|Any CPU = Debug|Any CPU
		Release|Any CPU = Release|Any CPU
	EndGlobalSection
	GlobalSection(ProjectConfigurationPlatforms) = postSolution
		{10AAC68B-7A9C-4E93-AA0C-5589BB16CE25}.Debug|Any CPU.ActiveCfg = Debug|Any CPU
		{10AAC68B-7A9C-4E93-AA0C-5589BB16CE25}.Debug|Any CPU.Build.0 = Debug|Any CPU
		{10AAC68B-7A9C-4E93-AA0C-5589BB16CE25}.Release|Any CPU.ActiveCfg = Release|Any CPU
		{10AAC68B-7A9C-4E93-AA0C-5589BB16CE25}.Release|Any CPU.Build.0 = Release|Any CPU
	EndGlobalSection
	GlobalSection(SolutionProperties) = preSolution
		HideSolutionNode = FALSE
	EndGlobalSection
	GlobalSection(ExtensibilityGlobals) = postSolution
		SolutionGuid = {8D0E2EAD-1FCF-4172-A6DD-D844D951464C}
	EndGlobalSection
EndGlobal
